// !$*UTF8*$!
{
	archiveVersion = 1;
	classes = {
	};
	objectVersion = 60;
	objects = {

/* Begin PBXBuildFile section */
		A00100010001000100010001 /* SpendeeLedgerApp.swift in Sources */ = {isa = PBXBuildFile; fileRef = A00200010001000100010001 /* SpendeeLedgerApp.swift */; };
		A00100010001000100010002 /* AppModel.swift in Sources */ = {isa = PBXBuildFile; fileRef = A00200010001000100010002 /* AppModel.swift */; };
		A00100010001000100010003 /* Theme.swift in Sources */ = {isa = PBXBuildFile; fileRef = A00200010001000100010003 /* Theme.swift */; };
		A00100010001000100010004 /* RootView.swift in Sources */ = {isa = PBXBuildFile; fileRef = A00200010001000100010004 /* RootView.swift */; };
		A00100010001000100010005 /* DashboardView.swift in Sources */ = {isa = PBXBuildFile; fileRef = A00200010001000100010005 /* DashboardView.swift */; };
		A00100010001000100010006 /* TransactionsView.swift in Sources */ = {isa = PBXBuildFile; fileRef = A00200010001000100010006 /* TransactionsView.swift */; };
		A00100010001000100010007 /* BudgetsView.swift in Sources */ = {isa = PBXBuildFile; fileRef = A00200010001000100010007 /* BudgetsView.swift */; };
		A00100010001000100010008 /* SettingsView.swift in Sources */ = {isa = PBXBuildFile; fileRef = A00200010001000100010008 /* SettingsView.swift */; };
		A00100010001000100010009 /* Editors.swift in Sources */ = {isa = PBXBuildFile; fileRef = A00200010001000100010009 /* Editors.swift */; };
		A0010001000100010001000A /* Money.swift in Sources */ = {isa = PBXBuildFile; fileRef = A0020001000100010001000D /* Money.swift */; };
		A0010001000100010001000B /* DateKeys.swift in Sources */ = {isa = PBXBuildFile; fileRef = A0020001000100010001000E /* DateKeys.swift */; };
		A0010001000100010001000C /* Models.swift in Sources */ = {isa = PBXBuildFile; fileRef = A0020001000100010001000F /* Models.swift */; };
		A0010001000100010001000D /* DatabaseManager.swift in Sources */ = {isa = PBXBuildFile; fileRef = A00200010001000100010010 /* DatabaseManager.swift */; };
		A0010001000100010001000E /* LedgerRepository.swift in Sources */ = {isa = PBXBuildFile; fileRef = A00200010001000100010011 /* LedgerRepository.swift */; };
		A0010001000100010001000F /* CSVSupport.swift in Sources */ = {isa = PBXBuildFile; fileRef = A00200010001000100010012 /* CSVSupport.swift */; };
		A00100010001000100010010 /* Fixtures.swift in Sources */ = {isa = PBXBuildFile; fileRef = A00200010001000100010013 /* Fixtures.swift */; };
		A00100010001000100010011 /* GRDB in Frameworks */ = {isa = PBXBuildFile; productRef = A00A00010001000100010002 /* GRDB */; };
/* End PBXBuildFile section */

/* Begin PBXFileReference section */
		A00200010001000100010001 /* SpendeeLedgerApp.swift */ = {isa = PBXFileReference; lastKnownFileType = sourcecode.swift; path = AppHost/SpendeeLedgerApp.swift; sourceTree = "<group>"; };
		A00200010001000100010002 /* AppModel.swift */ = {isa = PBXFileReference; lastKnownFileType = sourcecode.swift; path = Sources/LedgerUI/AppModel.swift; sourceTree = "<group>"; };
		A00200010001000100010003 /* Theme.swift */ = {isa = PBXFileReference; lastKnownFileType = sourcecode.swift; path = Sources/LedgerUI/Theme.swift; sourceTree = "<group>"; };
		A00200010001000100010004 /* RootView.swift */ = {isa = PBXFileReference; lastKnownFileType = sourcecode.swift; path = Sources/LedgerUI/RootView.swift; sourceTree = "<group>"; };
		A00200010001000100010005 /* DashboardView.swift */ = {isa = PBXFileReference; lastKnownFileType = sourcecode.swift; path = Sources/LedgerUI/DashboardView.swift; sourceTree = "<group>"; };
		A00200010001000100010006 /* TransactionsView.swift */ = {isa = PBXFileReference; lastKnownFileType = sourcecode.swift; path = Sources/LedgerUI/TransactionsView.swift; sourceTree = "<group>"; };
		A00200010001000100010007 /* BudgetsView.swift */ = {isa = PBXFileReference; lastKnownFileType = sourcecode.swift; path = Sources/LedgerUI/BudgetsView.swift; sourceTree = "<group>"; };
		A00200010001000100010008 /* SettingsView.swift */ = {isa = PBXFileReference; lastKnownFileType = sourcecode.swift; path = Sources/LedgerUI/SettingsView.swift; sourceTree = "<group>"; };
		A00200010001000100010009 /* Editors.swift */ = {isa = PBXFileReference; lastKnownFileType = sourcecode.swift; path = Sources/LedgerUI/Editors.swift; sourceTree = "<group>"; };
		A0020001000100010001000A /* Info.plist */ = {isa = PBXFileReference; lastKnownFileType = text.plist.xml; path = AppHost/Info.plist; sourceTree = "<group>"; };
		A0020001000100010001000B /* SpendeeLedger.entitlements */ = {isa = PBXFileReference; lastKnownFileType = text.plist.entitlements; path = AppHost/SpendeeLedger.entitlements; sourceTree = "<group>"; };
		A0020001000100010001000C /* SpendeeLedger.app */ = {isa = PBXFileReference; explicitFileType = wrapper.application; includeInIndex = 0; path = SpendeeLedger.app; sourceTree = BUILT_PRODUCTS_DIR; };
		A0020001000100010001000D /* Money.swift */ = {isa = PBXFileReference; lastKnownFileType = sourcecode.swift; path = Sources/LedgerCore/Money.swift; sourceTree = "<group>"; };
		A0020001000100010001000E /* DateKeys.swift */ = {isa = PBXFileReference; lastKnownFileType = sourcecode.swift; path = Sources/LedgerCore/DateKeys.swift; sourceTree = "<group>"; };
		A0020001000100010001000F /* Models.swift */ = {isa = PBXFileReference; lastKnownFileType = sourcecode.swift; path = Sources/LedgerCore/Models.swift; sourceTree = "<group>"; };
		A00200010001000100010010 /* DatabaseManager.swift */ = {isa = PBXFileReference; lastKnownFileType = sourcecode.swift; path = Sources/LedgerCore/DatabaseManager.swift; sourceTree = "<group>"; };
		A00200010001000100010011 /* LedgerRepository.swift */ = {isa = PBXFileReference; lastKnownFileType = sourcecode.swift; path = Sources/LedgerCore/LedgerRepository.swift; sourceTree = "<group>"; };
		A00200010001000100010012 /* CSVSupport.swift */ = {isa = PBXFileReference; lastKnownFileType = sourcecode.swift; path = Sources/LedgerCore/CSVSupport.swift; sourceTree = "<group>"; };
		A00200010001000100010013 /* Fixtures.swift */ = {isa = PBXFileReference; lastKnownFileType = sourcecode.swift; path = Sources/LedgerCore/Fixtures.swift; sourceTree = "<group>"; };
/* End PBXFileReference section */

/* Begin PBXFrameworksBuildPhase section */
		A00300010001000100010001 /* Frameworks */ = {
			isa = PBXFrameworksBuildPhase;
			buildActionMask = 2147483647;
			files = (
				A00100010001000100010011 /* GRDB in Frameworks */,
			);
			runOnlyForDeploymentPostprocessing = 0;
		};
/* End PBXFrameworksBuildPhase section */

/* Begin PBXGroup section */
		A00400010001000100010001 = {
			isa = PBXGroup;
			children = (
				A00400010001000100010002 /* AppHost */,
				A00400010001000100010005 /* Core */,
				A00400010001000100010003 /* UI */,
				A00400010001000100010004 /* Products */,
			);
			sourceTree = "<group>";
		};
		A00400010001000100010002 /* AppHost */ = {
			isa = PBXGroup;
			children = (
				A00200010001000100010001 /* SpendeeLedgerApp.swift */,
				A0020001000100010001000A /* Info.plist */,
				A0020001000100010001000B /* SpendeeLedger.entitlements */,
			);
			name = AppHost;
			sourceTree = "<group>";
		};
		A00400010001000100010003 /* UI */ = {
			isa = PBXGroup;
			children = (
				A00200010001000100010002 /* AppModel.swift */,
				A00200010001000100010003 /* Theme.swift */,
				A00200010001000100010004 /* RootView.swift */,
				A00200010001000100010005 /* DashboardView.swift */,
				A00200010001000100010006 /* TransactionsView.swift */,
				A00200010001000100010007 /* BudgetsView.swift */,
				A00200010001000100010008 /* SettingsView.swift */,
				A00200010001000100010009 /* Editors.swift */,
			);
			name = UI;
			sourceTree = "<group>";
		};
		A00400010001000100010004 /* Products */ = {
			isa = PBXGroup;
			children = (
				A0020001000100010001000C /* SpendeeLedger.app */,
			);
			name = Products;
			sourceTree = "<group>";
		};
		A00400010001000100010005 /* Core */ = {
			isa = PBXGroup;
			children = (
				A0020001000100010001000D /* Money.swift */,
				A0020001000100010001000E /* DateKeys.swift */,
				A0020001000100010001000F /* Models.swift */,
				A00200010001000100010010 /* DatabaseManager.swift */,
				A00200010001000100010011 /* LedgerRepository.swift */,
				A00200010001000100010012 /* CSVSupport.swift */,
				A00200010001000100010013 /* Fixtures.swift */,
			);
			name = Core;
			sourceTree = "<group>";
		};
/* End PBXGroup section */

/* Begin PBXNativeTarget section */
		A00500010001000100010001 /* SpendeeLedger */ = {
			isa = PBXNativeTarget;
			buildConfigurationList = A00800010001000100010002 /* Build configuration list for PBXNativeTarget "SpendeeLedger" */;
			buildPhases = (
				A00C00010001000100010001 /* Sync GRDB Module */,
				A00600010001000100010001 /* Sources */,
				A00300010001000100010001 /* Frameworks */,
				A00700010001000100010001 /* Resources */,
			);
			buildRules = (
			);
			dependencies = (
			);
			name = SpendeeLedger;
			packageProductDependencies = (
				A00A00010001000100010002 /* GRDB */,
			);
			productName = SpendeeLedger;
			productReference = A0020001000100010001000C /* SpendeeLedger.app */;
			productType = "com.apple.product-type.application";
		};
/* End PBXNativeTarget section */

/* Begin PBXProject section */
		A00600010001000100010000 /* Project object */ = {
			isa = PBXProject;
			attributes = {
				BuildIndependentTargetsInParallel = 1;
				LastUpgradeCheck = 2600;
				TargetAttributes = {
					A00500010001000100010001 = {
						CreatedOnToolsVersion = 26.3;
					};
				};
			};
			buildConfigurationList = A00800010001000100010001 /* Build configuration list for PBXProject "SpendeeLedger" */;
			compatibilityVersion = "Xcode 15.0";
			developmentRegion = en;
			hasScannedForEncodings = 0;
			knownRegions = (
				en,
				Base,
			);
			mainGroup = A00400010001000100010001;
			packageReferences = (
				A00900010001000100010002 /* XCLocalSwiftPackageReference "Vendor/GRDB.swift" */,
			);
			productRefGroup = A00400010001000100010004 /* Products */;
			projectDirPath = "";
			projectRoot = "";
			targets = (
				A00500010001000100010001 /* SpendeeLedger */,
			);
		};
/* End PBXProject section */

/* Begin PBXShellScriptBuildPhase section */
		A00C00010001000100010001 /* Sync GRDB Module */ = {
			isa = PBXShellScriptBuildPhase;
			buildActionMask = 2147483647;
			files = (
			);
			inputFileListPaths = (
			);
			inputPaths = (
			);
			name = "Sync GRDB Module";
			outputFileListPaths = (
			);
			outputPaths = (
				"$(BUILD_DIR)/$(CONFIGURATION)$(EFFECTIVE_PLATFORM_NAME)/GRDB.swiftmodule",
			);
			runOnlyForDeploymentPostprocessing = 0;
			shellPath = /bin/sh;
			shellScript = "set -eu\nPACKAGE_BUILD_DIR=\"${SRCROOT}/Vendor/GRDB.swift/build/${CONFIGURATION}${EFFECTIVE_PLATFORM_NAME}\"\nAPP_BUILD_DIR=\"${BUILD_DIR}/${CONFIGURATION}${EFFECTIVE_PLATFORM_NAME}\"\nSOURCE_MODULE_DIR=\"${PACKAGE_BUILD_DIR}/GRDB.swiftmodule\"\nTARGET_MODULE_DIR=\"${APP_BUILD_DIR}/GRDB.swiftmodule\"\nmkdir -p \"$APP_BUILD_DIR\"\nif [ -d \"$SOURCE_MODULE_DIR\" ]; then\n  rm -rf \"$TARGET_MODULE_DIR\"\n  cp -R \"$SOURCE_MODULE_DIR\" \"$TARGET_MODULE_DIR\"\nfi\n";
		};
/* End PBXShellScriptBuildPhase section */

/* Begin PBXResourcesBuildPhase section */
		A00700010001000100010001 /* Resources */ = {
			isa = PBXResourcesBuildPhase;
			buildActionMask = 2147483647;
			files = (
			);
			runOnlyForDeploymentPostprocessing = 0;
		};
/* End PBXResourcesBuildPhase section */

/* Begin PBXSourcesBuildPhase section */
		A00600010001000100010001 /* Sources */ = {
			isa = PBXSourcesBuildPhase;
			buildActionMask = 2147483647;
			files = (
				A00100010001000100010001 /* SpendeeLedgerApp.swift in Sources */,
				A00100010001000100010002 /* AppModel.swift in Sources */,
				A00100010001000100010003 /* Theme.swift in Sources */,
				A00100010001000100010004 /* RootView.swift in Sources */,
				A00100010001000100010005 /* DashboardView.swift in Sources */,
				A00100010001000100010006 /* TransactionsView.swift in Sources */,
				A00100010001000100010007 /* BudgetsView.swift in Sources */,
				A00100010001000100010008 /* SettingsView.swift in Sources */,
				A00100010001000100010009 /* Editors.swift in Sources */,
				A0010001000100010001000A /* Money.swift in Sources */,
				A0010001000100010001000B /* DateKeys.swift in Sources */,
				A0010001000100010001000C /* Models.swift in Sources */,
				A0010001000100010001000D /* DatabaseManager.swift in Sources */,
				A0010001000100010001000E /* LedgerRepository.swift in Sources */,
				A0010001000100010001000F /* CSVSupport.swift in Sources */,
				A00100010001000100010010 /* Fixtures.swift in Sources */,
			);
			runOnlyForDeploymentPostprocessing = 0;
		};
/* End PBXSourcesBuildPhase section */

/* Begin XCBuildConfiguration section */
		A00B00010001000100010001 /* Debug */ = {
			isa = XCBuildConfiguration;
			buildSettings = {
				ALWAYS_SEARCH_USER_PATHS = NO;
				CLANG_ENABLE_MODULES = YES;
				CODE_SIGN_STYLE = Automatic;
				CURRENT_PROJECT_VERSION = 1;
				DEVELOPMENT_TEAM = "";
				ENABLE_STRICT_OBJC_MSGSEND = YES;
				GCC_C_LANGUAGE_STANDARD = gnu17;
				GENERATE_INFOPLIST_FILE = NO;
				IPHONEOS_DEPLOYMENT_TARGET = 17.0;
				LD_RUNPATH_SEARCH_PATHS = (
					"$(inherited)",
					"@executable_path/Frameworks",
				);
				MARKETING_VERSION = 1.0;
				PRODUCT_BUNDLE_IDENTIFIER = dev.roman.spendeeledger;
				PRODUCT_NAME = "$(TARGET_NAME)";
				SDKROOT = iphoneos;
				SUPPORTED_PLATFORMS = "iphoneos iphonesimulator";
				SWIFT_EMIT_LOC_STRINGS = YES;
				SWIFT_ENABLE_EXPLICIT_MODULES = NO;
				SWIFT_VERSION = 6.0;
				TARGETED_DEVICE_FAMILY = 1;
			};
			name = Debug;
		};
		A00B00010001000100010002 /* Release */ = {
			isa = XCBuildConfiguration;
			buildSettings = {
				ALWAYS_SEARCH_USER_PATHS = NO;
				CLANG_ENABLE_MODULES = YES;
				CODE_SIGN_STYLE = Automatic;
				CURRENT_PROJECT_VERSION = 1;
				DEVELOPMENT_TEAM = "";
				ENABLE_STRICT_OBJC_MSGSEND = YES;
				GCC_C_LANGUAGE_STANDARD = gnu17;
				GENERATE_INFOPLIST_FILE = NO;
				IPHONEOS_DEPLOYMENT_TARGET = 17.0;
				LD_RUNPATH_SEARCH_PATHS = (
					"$(inherited)",
					"@executable_path/Frameworks",
				);
				MARKETING_VERSION = 1.0;
				PRODUCT_BUNDLE_IDENTIFIER = dev.roman.spendeeledger;
				PRODUCT_NAME = "$(TARGET_NAME)";
				SDKROOT = iphoneos;
				SUPPORTED_PLATFORMS = "iphoneos iphonesimulator";
				SWIFT_EMIT_LOC_STRINGS = YES;
				SWIFT_ENABLE_EXPLICIT_MODULES = NO;
				SWIFT_VERSION = 6.0;
				TARGETED_DEVICE_FAMILY = 1;
			};
			name = Release;
		};
		A00B00010001000100010003 /* Debug */ = {
			isa = XCBuildConfiguration;
			buildSettings = {
				CODE_SIGN_ENTITLEMENTS = AppHost/SpendeeLedger.entitlements;
				CODE_SIGNING_ALLOWED = NO;
				EMBED_PACKAGE_RESOURCE_BUNDLE_NAMES = "";
				INFOPLIST_FILE = AppHost/Info.plist;
				IPHONEOS_DEPLOYMENT_TARGET = 17.0;
				LD_RUNPATH_SEARCH_PATHS = (
					"$(inherited)",
					"@executable_path/Frameworks",
				);
				PRODUCT_BUNDLE_IDENTIFIER = dev.roman.spendeeledger;
				PRODUCT_NAME = "$(TARGET_NAME)";
				SWIFT_EMIT_LOC_STRINGS = YES;
				SWIFT_ENABLE_EXPLICIT_MODULES = NO;
				SWIFT_VERSION = 6.0;
				TARGETED_DEVICE_FAMILY = 1;
			};
			name = Debug;
		};
		A00B00010001000100010004 /* Release */ = {
			isa = XCBuildConfiguration;
			buildSettings = {
				CODE_SIGN_ENTITLEMENTS = AppHost/SpendeeLedger.entitlements;
				CODE_SIGNING_ALLOWED = NO;
				EMBED_PACKAGE_RESOURCE_BUNDLE_NAMES = "";
				INFOPLIST_FILE = AppHost/Info.plist;
				IPHONEOS_DEPLOYMENT_TARGET = 17.0;
				LD_RUNPATH_SEARCH_PATHS = (
					"$(inherited)",
					"@executable_path/Frameworks",
				);
				PRODUCT_BUNDLE_IDENTIFIER = dev.roman.spendeeledger;
				PRODUCT_NAME = "$(TARGET_NAME)";
				SWIFT_EMIT_LOC_STRINGS = YES;
				SWIFT_ENABLE_EXPLICIT_MODULES = NO;
				SWIFT_VERSION = 6.0;
				TARGETED_DEVICE_FAMILY = 1;
			};
			name = Release;
		};
/* End XCBuildConfiguration section */

/* Begin XCConfigurationList section */
		A00800010001000100010001 /* Build configuration list for PBXProject "SpendeeLedger" */ = {
			isa = XCConfigurationList;
			buildConfigurations = (
				A00B00010001000100010001 /* Debug */,
				A00B00010001000100010002 /* Release */,
			);
			defaultConfigurationIsVisible = 0;
			defaultConfigurationName = Release;
		};
		A00800010001000100010002 /* Build configuration list for PBXNativeTarget "SpendeeLedger" */ = {
			isa = XCConfigurationList;
			buildConfigurations = (
				A00B00010001000100010003 /* Debug */,
				A00B00010001000100010004 /* Release */,
			);
			defaultConfigurationIsVisible = 0;
			defaultConfigurationName = Release;
		};
/* End XCConfigurationList section */

/* Begin XCLocalSwiftPackageReference section */
		A00900010001000100010002 /* XCLocalSwiftPackageReference "Vendor/GRDB.swift" */ = {
			isa = XCLocalSwiftPackageReference;
			relativePath = "Vendor/GRDB.swift";
		};
/* End XCLocalSwiftPackageReference section */

/* Begin XCSwiftPackageProductDependency section */
		A00A00010001000100010002 /* GRDB */ = {
			isa = XCSwiftPackageProductDependency;
			package = A00900010001000100010002 /* XCLocalSwiftPackageReference "Vendor/GRDB.swift" */;
			productName = GRDB;
		};
/* End XCSwiftPackageProductDependency section */
	};
	rootObject = A00600010001000100010000 /* Project object */;
}
